
Microsoft Visual Studio Solution File, Format Version 12.00
# Visual Studio Version 17
VisualStudioVersion = 17.4.33403.182
MinimumVisualStudioVersion = 10.0.40219.1
Project("{8BC9CEB8-8B4A-11D0-8D11-00A0C91BC942}") = "Hook", "Hook\Hook.vcxproj", "{B2394AF1-B22B-43BE-B59E-AAD20D5D267C}"
EndProject
Project("{8BC9CEB8-8B4A-11D0-8D11-00A0C91BC942}") = "Launcher", "Launcher\Launcher.vcxproj", "{E6C3A37B-D430-47E1-B533-15E3BAD6DC1B}"
	ProjectSection(ProjectDependencies) = postProject
		{B2394AF1-B22B-43BE-B59E-AAD20D5D267C} = {B2394AF1-B22B-43BE-B59E-AAD20D5D267C}
	EndProjectSection
EndProject
Global
	GlobalSection(SolutionConfigurationPlatforms) = preSolution
		Debug|Any CPU = Debug|Any CPU
		Debug|x64 = Debug|x64
		Debug|x86 = Debug|x86
		Release|Any CPU = Release|Any CPU
		Release|x64 = Release|x64
		Release|x86 = Release|x86
	EndGlobalSection
	GlobalSection(ProjectConfigurationPlatforms) = postSolution
		{B2394AF1-B22B-43BE-B59E-AAD20D5D267C}.Debug|Any CPU.ActiveCfg = Debug|x64
		{B2394AF1-B22B-43BE-B59E-AAD20D5D267C}.Debug|Any CPU.Build.0 = Debug|x64
		{B2394AF1-B22B-43BE-B59E-AAD20D5D267C}.Debug|x64.ActiveCfg = Debug|x64
		{B2394AF1-B22B-43BE-B59E-AAD20D5D267C}.Debug|x64.Build.0 = Debug|x64
		{B2394AF1-B22B-43BE-B59E-AAD20D5D267C}.Debug|x86.ActiveCfg = Debug|Win32
		{B2394AF1-B22B-43BE-B59E-AAD20D5D267C}.Debug|x86.Build.0 = Debug|Win32
		{B2394AF1-B22B-43BE-B59E-AAD20D5D267C}.Release|Any CPU.ActiveCfg = Release|x64
		{B2394AF1-B22B-43BE-B59E-AAD20D5D267C}.Release|Any CPU.Build.0 = Release|x64
		{B2394AF1-B22B-43BE-B59E-AAD20D5D267C}.Release|x64.ActiveCfg = Release|x64
		{B2394AF1-B22B-43BE-B59E-AAD20D5D267C}.Release|x64.Build.0 = Release|x64
		{B2394AF1-B22B-43BE-B59E-AAD20D5D267C}.Release|x86.ActiveCfg = Release|Win32
		{B2394AF1-B22B-43BE-B59E-AAD20D5D267C}.Release|x86.Build.0 = Release|Win32
		{E6C3A37B-D430-47E1-B533-15E3BAD6DC1B}.Debug|Any CPU.ActiveCfg = Debug|x64
		{E6C3A37B-D430-47E1-B533-15E3BAD6DC1B}.Debug|Any CPU.Build.0 = Debug|x64
		{E6C3A37B-D430-47E1-B533-15E3BAD6DC1B}.Debug|x64.ActiveCfg = Debug|x64
		{E6C3A37B-D430-47E1-B533-15E3BAD6DC1B}.Debug|x64.Build.0 = Debug|x64
		{E6C3A37B-D430-47E1-B533-15E3BAD6DC1B}.Debug|x86.ActiveCfg = Debug|Win32
		{E6C3A37B-D430-47E1-B533-15E3BAD6DC1B}.Debug|x86.Build.0 = Debug|Win32
		{E6C3A37B-D430-47E1-B533-15E3BAD6DC1B}.Release|Any CPU.ActiveCfg = Release|x64
		{E6C3A37B-D430-47E1-B533-15E3BAD6DC1B}.Release|Any CPU.Build.0 = Release|x64
		{E6C3A37B-D430-47E1-B533-15E3BAD6DC1B}.Release|x64.ActiveCfg = Release|x64
		{E6C3A37B-D430-47E1-B533-15E3BAD6DC1B}.Release|x64.Build.0 = Release|x64
		{E6C3A37B-D430-47E1-B533-15E3BAD6DC1B}.Release|x86.ActiveCfg = Release|Win32
		{E6C3A37B-D430-47E1-B533-15E3BAD6DC1B}.Release|x86.Build.0 = Release|Win32
	EndGlobalSection
	GlobalSection(SolutionProperties) = preSolution
		HideSolutionNode = FALSE
	EndGlobalSection
	GlobalSection(ExtensibilityGlobals) = postSolution
		SolutionGuid = {90234A29-A99E-4D49-B179-94C7B2B06D7F}
	EndGlobalSection
EndGlobal
